<?xml version="1.0" encoding="utf-8"?>
<Project ToolsVersion="4.0" xmlns="http://schemas.microsoft.com/developer/msbuild/2003">
  <ItemGroup>
    <ClInclude Include="bobbleCore.h" />
    <ClInclude Include="Enums.h" />
    <ClInclude Include="Dragon.h" />
    <ClInclude Include="Dragon2.h">
      <Filter>Play\Dragon2</Filter>
    </ClInclude>
    <ClInclude Include="Dragon2Tool.h">
      <Filter>Play\Dragon2</Filter>
    </ClInclude>
    <ClInclude Include="DragonTool.h">
      <Filter>Play\Dragon</Filter>
    </ClInclude>
    <ClInclude Include="Dragon.h">
      <Filter>Play\Dragon</Filter>
    </ClInclude>
    <ClInclude Include="TitleLevel.h" />
    <ClInclude Include="PlayLevel.h">
      <Filter>Play\PlayLevel</Filter>
    </ClInclude>
    <ClInclude Include="Ceil.h">
      <Filter>Play\PlayLevel\animation</Filter>
    </ClInclude>
    <ClInclude Include="shooter.h">
      <Filter>Play\PlayLevel\animation</Filter>
    </ClInclude>
    <ClInclude Include="MovieSeen.h">
      <Filter>Play\PlayLevel\animation</Filter>
    </ClInclude>
    <ClInclude Include="Bobble.h">
      <Filter>Play\Bobble</Filter>
    </ClInclude>
    <ClInclude Include="arrow.h">
      <Filter>Play\arrow</Filter>
    </ClInclude>
    <ClInclude Include="Bobblefire.h">
      <Filter>Play\Bobble</Filter>
    </ClInclude>
    <ClInclude Include="DegreeShare.h" />
    <ClInclude Include="ValueSotre.h" />
  </ItemGroup>
  <ItemGroup>
    <ClCompile Include="bobbleCore.cpp" />
    <ClCompile Include="Enums.cpp" />
    <ClCompile Include="Dragon.cpp" />
    <ClCompile Include="Dragon2.cpp">
      <Filter>Play\Dragon2</Filter>
    </ClCompile>
    <ClCompile Include="Dragon2Tool.cpp">
      <Filter>Play\Dragon2</Filter>
    </ClCompile>
    <ClCompile Include="DragonTool.cpp">
      <Filter>Play\Dragon</Filter>
    </ClCompile>
    <ClCompile Include="Dragon.cpp">
      <Filter>Play\Dragon</Filter>
    </ClCompile>
    <ClCompile Include="TitleLevel.cpp" />
    <ClCompile Include="PlayLevel.cpp">
      <Filter>Play\PlayLevel</Filter>
    </ClCompile>
    <ClCompile Include="Ceil.cpp">
      <Filter>Play\PlayLevel\animation</Filter>
    </ClCompile>
    <ClCompile Include="shooter.cpp">
      <Filter>Play\PlayLevel\animation</Filter>
    </ClCompile>
    <ClCompile Include="MovieSeen.cpp">
      <Filter>Play\PlayLevel\animation</Filter>
    </ClCompile>
    <ClCompile Include="Bobble.cpp">
      <Filter>Play\Bobble</Filter>
    </ClCompile>
    <ClCompile Include="arrow.cpp">
      <Filter>Play\arrow</Filter>
    </ClCompile>
    <ClCompile Include="Bobblefire.cpp">
      <Filter>Play\Bobble</Filter>
    </ClCompile>
    <ClCompile Include="DegreeShare.cpp" />
  </ItemGroup>
  <ItemGroup>
    <Filter Include="Play">
      <UniqueIdentifier>{0506e153-a779-45a0-9bdb-88bf830c14f6}</UniqueIdentifier>
    </Filter>
    <Filter Include="Play\Dragon">
      <UniqueIdentifier>{2847dd98-c772-47e7-a7ea-2649246b7ca0}</UniqueIdentifier>
    </Filter>
    <Filter Include="Play\Dragon2">
      <UniqueIdentifier>{fb51fb02-e992-43e3-bb04-20b8bb34c3f4}</UniqueIdentifier>
    </Filter>
    <Filter Include="Play\PlayLevel">
      <UniqueIdentifier>{44ac8a76-9bcb-4888-8d22-64a67d2ff4b4}</UniqueIdentifier>
    </Filter>
    <Filter Include="Play\PlayLevel\animation">
      <UniqueIdentifier>{1f7018cc-d7cd-4054-9fb0-b208339d21f7}</UniqueIdentifier>
    </Filter>
    <Filter Include="Play\Bobble">
      <UniqueIdentifier>{1a744074-3fc6-4ff8-92be-fc525d2a7dfc}</UniqueIdentifier>
    </Filter>
    <Filter Include="Play\arrow">
      <UniqueIdentifier>{3ec4d572-8a80-449e-b0e0-8fd4216e6090}</UniqueIdentifier>
    </Filter>
  </ItemGroup>
</Project>