
Microsoft Visual Studio Solution File, Format Version 12.00
# Visual Studio Version 17
VisualStudioVersion = 17.8.34330.188
MinimumVisualStudioVersion = 10.0.40219.1
Project("{8BC9CEB8-8B4A-11D0-8D11-00A0C91BC942}") = "EngineBase", "EngineBase\EngineBase.vcxproj", "{EA197215-13BB-4729-9573-DB483A0EE1A3}"
EndProject
Project("{8BC9CEB8-8B4A-11D0-8D11-00A0C91BC942}") = "EngineCore", "EngineCore\EngineCore.vcxproj", "{35FA176C-16BB-4C2A-A672-F4FF30C1BEA5}"
EndProject
Project("{8BC9CEB8-8B4A-11D0-8D11-00A0C91BC942}") = "EnginePlatform", "EnginePlatform\EnginePlatform.vcxproj", "{F0716EC2-0BC5-43EA-9046-B203E0985A67}"
EndProject
Project("{2150E333-8FDC-42A3-9474-1A3956D46DE8}") = "Level0", "Level0", "{23294325-7A0A-41F0-A5C4-A2F2B90372E6}"
EndProject
Project("{2150E333-8FDC-42A3-9474-1A3956D46DE8}") = "Level1", "Level1", "{8DBBF271-1519-4083-9275-9FE33F14EC71}"
EndProject
Project("{2150E333-8FDC-42A3-9474-1A3956D46DE8}") = "Level2", "Level2", "{C85A2C21-D259-450E-BD73-8DA99FC12A52}"
EndProject
Project("{2150E333-8FDC-42A3-9474-1A3956D46DE8}") = "Level3", "Level3", "{7B804B8B-4F99-49E7-B31F-C808336ED432}"
EndProject
Project("{2150E333-8FDC-42A3-9474-1A3956D46DE8}") = "Level4", "Level4", "{377084C8-72D9-426C-83B0-1A8397BB7978}"
EndProject
Project("{8BC9CEB8-8B4A-11D0-8D11-00A0C91BC942}") = "Pokemon", "Pokemon\Pokemon.vcxproj", "{3FC2346F-BEB4-4D32-BAE7-B9187403BFEF}"
EndProject
Project("{8BC9CEB8-8B4A-11D0-8D11-00A0C91BC942}") = "PokemonContents", "PokemonContents\PokemonContents.vcxproj", "{49AB9BDB-5D92-4CEA-8A49-412B2EBFEED4}"
EndProject
Global
	GlobalSection(SolutionConfigurationPlatforms) = preSolution
		Debug|x64 = Debug|x64
		Debug|x86 = Debug|x86
		Release|x64 = Release|x64
		Release|x86 = Release|x86
	EndGlobalSection
	GlobalSection(ProjectConfigurationPlatforms) = postSolution
		{EA197215-13BB-4729-9573-DB483A0EE1A3}.Debug|x64.ActiveCfg = Debug|x64
		{EA197215-13BB-4729-9573-DB483A0EE1A3}.Debug|x64.Build.0 = Debug|x64
		{EA197215-13BB-4729-9573-DB483A0EE1A3}.Debug|x86.ActiveCfg = Debug|Win32
		{EA197215-13BB-4729-9573-DB483A0EE1A3}.Debug|x86.Build.0 = Debug|Win32
		{EA197215-13BB-4729-9573-DB483A0EE1A3}.Release|x64.ActiveCfg = Release|x64
		{EA197215-13BB-4729-9573-DB483A0EE1A3}.Release|x64.Build.0 = Release|x64
		{EA197215-13BB-4729-9573-DB483A0EE1A3}.Release|x86.ActiveCfg = Release|Win32
		{EA197215-13BB-4729-9573-DB483A0EE1A3}.Release|x86.Build.0 = Release|Win32
		{35FA176C-16BB-4C2A-A672-F4FF30C1BEA5}.Debug|x64.ActiveCfg = Debug|x64
		{35FA176C-16BB-4C2A-A672-F4FF30C1BEA5}.Debug|x64.Build.0 = Debug|x64
		{35FA176C-16BB-4C2A-A672-F4FF30C1BEA5}.Debug|x86.ActiveCfg = Debug|Win32
		{35FA176C-16BB-4C2A-A672-F4FF30C1BEA5}.Debug|x86.Build.0 = Debug|Win32
		{35FA176C-16BB-4C2A-A672-F4FF30C1BEA5}.Release|x64.ActiveCfg = Release|x64
		{35FA176C-16BB-4C2A-A672-F4FF30C1BEA5}.Release|x64.Build.0 = Release|x64
		{35FA176C-16BB-4C2A-A672-F4FF30C1BEA5}.Release|x86.ActiveCfg = Release|Win32
		{35FA176C-16BB-4C2A-A672-F4FF30C1BEA5}.Release|x86.Build.0 = Release|Win32
		{F0716EC2-0BC5-43EA-9046-B203E0985A67}.Debug|x64.ActiveCfg = Debug|x64
		{F0716EC2-0BC5-43EA-9046-B203E0985A67}.Debug|x64.Build.0 = Debug|x64
		{F0716EC2-0BC5-43EA-9046-B203E0985A67}.Debug|x86.ActiveCfg = Debug|Win32
		{F0716EC2-0BC5-43EA-9046-B203E0985A67}.Debug|x86.Build.0 = Debug|Win32
		{F0716EC2-0BC5-43EA-9046-B203E0985A67}.Release|x64.ActiveCfg = Release|x64
		{F0716EC2-0BC5-43EA-9046-B203E0985A67}.Release|x64.Build.0 = Release|x64
		{F0716EC2-0BC5-43EA-9046-B203E0985A67}.Release|x86.ActiveCfg = Release|Win32
		{F0716EC2-0BC5-43EA-9046-B203E0985A67}.Release|x86.Build.0 = Release|Win32
		{3FC2346F-BEB4-4D32-BAE7-B9187403BFEF}.Debug|x64.ActiveCfg = Debug|x64
		{3FC2346F-BEB4-4D32-BAE7-B9187403BFEF}.Debug|x64.Build.0 = Debug|x64
		{3FC2346F-BEB4-4D32-BAE7-B9187403BFEF}.Debug|x86.ActiveCfg = Debug|Win32
		{3FC2346F-BEB4-4D32-BAE7-B9187403BFEF}.Debug|x86.Build.0 = Debug|Win32
		{3FC2346F-BEB4-4D32-BAE7-B9187403BFEF}.Release|x64.ActiveCfg = Release|x64
		{3FC2346F-BEB4-4D32-BAE7-B9187403BFEF}.Release|x64.Build.0 = Release|x64
		{3FC2346F-BEB4-4D32-BAE7-B9187403BFEF}.Release|x86.ActiveCfg = Release|Win32
		{3FC2346F-BEB4-4D32-BAE7-B9187403BFEF}.Release|x86.Build.0 = Release|Win32
		{49AB9BDB-5D92-4CEA-8A49-412B2EBFEED4}.Debug|x64.ActiveCfg = Debug|x64
		{49AB9BDB-5D92-4CEA-8A49-412B2EBFEED4}.Debug|x64.Build.0 = Debug|x64
		{49AB9BDB-5D92-4CEA-8A49-412B2EBFEED4}.Debug|x86.ActiveCfg = Debug|Win32
		{49AB9BDB-5D92-4CEA-8A49-412B2EBFEED4}.Debug|x86.Build.0 = Debug|Win32
		{49AB9BDB-5D92-4CEA-8A49-412B2EBFEED4}.Release|x64.ActiveCfg = Release|x64
		{49AB9BDB-5D92-4CEA-8A49-412B2EBFEED4}.Release|x64.Build.0 = Release|x64
		{49AB9BDB-5D92-4CEA-8A49-412B2EBFEED4}.Release|x86.ActiveCfg = Release|Win32
		{49AB9BDB-5D92-4CEA-8A49-412B2EBFEED4}.Release|x86.Build.0 = Release|Win32
	EndGlobalSection
	GlobalSection(SolutionProperties) = preSolution
		HideSolutionNode = FALSE
	EndGlobalSection
	GlobalSection(NestedProjects) = preSolution
		{EA197215-13BB-4729-9573-DB483A0EE1A3} = {23294325-7A0A-41F0-A5C4-A2F2B90372E6}
		{35FA176C-16BB-4C2A-A672-F4FF30C1BEA5} = {C85A2C21-D259-450E-BD73-8DA99FC12A52}
		{F0716EC2-0BC5-43EA-9046-B203E0985A67} = {8DBBF271-1519-4083-9275-9FE33F14EC71}
		{3FC2346F-BEB4-4D32-BAE7-B9187403BFEF} = {377084C8-72D9-426C-83B0-1A8397BB7978}
		{49AB9BDB-5D92-4CEA-8A49-412B2EBFEED4} = {7B804B8B-4F99-49E7-B31F-C808336ED432}
	EndGlobalSection
	GlobalSection(ExtensibilityGlobals) = postSolution
		SolutionGuid = {1B7A858E-B427-464E-8ABC-F71A1A858CCB}
	EndGlobalSection
EndGlobal
